
Microsoft Visual Studio Solution File, Format Version 12.00
# Visual Studio Version 17
VisualStudioVersion = 17.0.31903.59
MinimumVisualStudioVersion = 10.0.40219.1
Project("{FAE04EC0-301F-11D3-BF4B-00C04F79EFBC}") = "UmbracoWorkshopV14Cicd.Web", "UmbracoWorkshopV14Cicd.Web\UmbracoWorkshopV14Cicd.Web.csproj", "{D91E8595-C543-4555-AFC3-6E63252F771D}"
EndProject
Project("{FAE04EC0-301F-11D3-BF4B-00C04F79EFBC}") = "UmbracoWorkshopV14Cicd.Core", "UmbracoWorkshopV14Cicd.Core\UmbracoWorkshopV14Cicd.Core.csproj", "{54A8DF1B-13DA-4FB0-9460-0C0A431F2C5C}"
EndProject
Global
	GlobalSection(SolutionConfigurationPlatforms) = preSolution
		Debug|Any CPU = Debug|Any CPU
		Release|Any CPU = Release|Any CPU
	EndGlobalSection
	GlobalSection(SolutionProperties) = preSolution
		HideSolutionNode = FALSE
	EndGlobalSection
	GlobalSection(ProjectConfigurationPlatforms) = postSolution
		{D91E8595-C543-4555-AFC3-6E63252F771D}.Debug|Any CPU.ActiveCfg = Debug|Any CPU
		{D91E8595-C543-4555-AFC3-6E63252F771D}.Debug|Any CPU.Build.0 = Debug|Any CPU
		{D91E8595-C543-4555-AFC3-6E63252F771D}.Release|Any CPU.ActiveCfg = Release|Any CPU
		{D91E8595-C543-4555-AFC3-6E63252F771D}.Release|Any CPU.Build.0 = Release|Any CPU
		{54A8DF1B-13DA-4FB0-9460-0C0A431F2C5C}.Debug|Any CPU.ActiveCfg = Debug|Any CPU
		{54A8DF1B-13DA-4FB0-9460-0C0A431F2C5C}.Debug|Any CPU.Build.0 = Debug|Any CPU
		{54A8DF1B-13DA-4FB0-9460-0C0A431F2C5C}.Release|Any CPU.ActiveCfg = Release|Any CPU
		{54A8DF1B-13DA-4FB0-9460-0C0A431F2C5C}.Release|Any CPU.Build.0 = Release|Any CPU
	EndGlobalSection
EndGlobal
Project("{2150E333-8FDC-42A3-9474-1A3956D46DE8}") = "Solution Files", "Solution Files", "{FFAD7758-3EEB-4E5B-8019-10AD2867DA07}"
	ProjectSection(SolutionItems) = preProject
		.dockerignore = .dockerignore
		.editorconfig = .editorconfig
		.gitattributes = .gitattributes
		.gitignore = .gitignore
		.umbraco = .umbraco
		NuGet.config = NuGet.config
		Readme.md = Readme.md
		UmbracoWorkshopV14Cicd.Web\umbraco-cloud.json = UmbracoWorkshopV14Cicd.Web\umbraco-cloud.json
	EndProjectSection
EndProject
